
Microsoft Visual Studio Solution File, Format Version 12.00
# Visual Studio Version 17
VisualStudioVersion = 17.14.36616.10
MinimumVisualStudioVersion = 10.0.40219.1
Project("{FAE04EC0-301F-11D3-BF4B-00C04F79EFBC}") = "MauiApp2", "MauiApp2\MauiApp2.csproj", "{F05BD08B-F58D-4AFC-A526-FD1FBF142A80}"
EndProject
Project("{FAE04EC0-301F-11D3-BF4B-00C04F79EFBC}") = "ClassLibrary", "ClassLibrary\ClassLibrary.csproj", "{C5D28596-FCA0-41E7-B4F8-6BDF75CAD3F6}"
EndProject
Global
	GlobalSection(SolutionConfigurationPlatforms) = preSolution
		Debug|Any CPU = Debug|Any CPU
		Release|Any CPU = Release|Any CPU
	EndGlobalSection
	GlobalSection(ProjectConfigurationPlatforms) = postSolution
		{F05BD08B-F58D-4AFC-A526-FD1FBF142A80}.Debug|Any CPU.ActiveCfg = Debug|Any CPU
		{F05BD08B-F58D-4AFC-A526-FD1FBF142A80}.Debug|Any CPU.Build.0 = Debug|Any CPU
		{F05BD08B-F58D-4AFC-A526-FD1FBF142A80}.Debug|Any CPU.Deploy.0 = Debug|Any CPU
		{F05BD08B-F58D-4AFC-A526-FD1FBF142A80}.Release|Any CPU.ActiveCfg = Release|Any CPU
		{F05BD08B-F58D-4AFC-A526-FD1FBF142A80}.Release|Any CPU.Build.0 = Release|Any CPU
		{F05BD08B-F58D-4AFC-A526-FD1FBF142A80}.Release|Any CPU.Deploy.0 = Release|Any CPU
		{C5D28596-FCA0-41E7-B4F8-6BDF75CAD3F6}.Debug|Any CPU.ActiveCfg = Debug|Any CPU
		{C5D28596-FCA0-41E7-B4F8-6BDF75CAD3F6}.Debug|Any CPU.Build.0 = Debug|Any CPU
		{C5D28596-FCA0-41E7-B4F8-6BDF75CAD3F6}.Release|Any CPU.ActiveCfg = Release|Any CPU
		{C5D28596-FCA0-41E7-B4F8-6BDF75CAD3F6}.Release|Any CPU.Build.0 = Release|Any CPU
	EndGlobalSection
	GlobalSection(SolutionProperties) = preSolution
		HideSolutionNode = FALSE
	EndGlobalSection
	GlobalSection(ExtensibilityGlobals) = postSolution
		SolutionGuid = {635B7266-3DA7-4305-8999-FDCA127D0998}
	EndGlobalSection
EndGlobal
